
Microsoft Visual Studio Solution File, Format Version 12.00
# Visual Studio 15
VisualStudioVersion = 15.0.27130.2010
MinimumVisualStudioVersion = 10.0.40219.1
Project("{FAE04EC0-301F-11D3-BF4B-00C04F79EFBC}") = "TSBExport_CSharp", "TSBExport_CSharp\TSBExport_CSharp.csproj", "{77C5F90F-43DA-4268-A6AE-EE63968FFF9C}"
EndProject
Global
	GlobalSection(SolutionConfigurationPlatforms) = preSolution
		Debug|Any CPU = Debug|Any CPU
		Release|Any CPU = Release|Any CPU
	EndGlobalSection
	GlobalSection(ProjectConfigurationPlatforms) = postSolution
		{77C5F90F-43DA-4268-A6AE-EE63968FFF9C}.Debug|Any CPU.ActiveCfg = Debug|Any CPU
		{77C5F90F-43DA-4268-A6AE-EE63968FFF9C}.Debug|Any CPU.Build.0 = Debug|Any CPU
		{77C5F90F-43DA-4268-A6AE-EE63968FFF9C}.Release|Any CPU.ActiveCfg = Release|Any CPU
		{77C5F90F-43DA-4268-A6AE-EE63968FFF9C}.Release|Any CPU.Build.0 = Release|Any CPU
	EndGlobalSection
	GlobalSection(SolutionProperties) = preSolution
		HideSolutionNode = FALSE
	EndGlobalSection
	GlobalSection(ExtensibilityGlobals) = postSolution
		SolutionGuid = {8FE4B66B-EB67-404B-BF3F-2528AE29826A}
	EndGlobalSection
EndGlobal
